
[root]
authors = ["Shreyas Khandekar"]
chplVersion = "2.9.0..2.9.0"
copyrightYear = "2026"
license = "Apache-2.0"
name = "FastOTF2"
source = "https://github.com/hpc-ai-adv-dev/fastotf2"
type = "library"
version = "0.1.0"

[system]

[system.otf2]
includes = "-I/opt/otf2/include"
libs = "-L/opt/otf2/lib -lotf2"
name = "otf2"
version = "3.1.1"


