
[root]
authors = ["Shreyas Khandekar"]
chplVersion = "2.8.0..2.8.0"
compopts = ["-M../../src", "-I/opt/otf2/include", "-L/opt/otf2/lib", "-lotf2"]
copyrightYear = "2026"
dependencies = ["Parquet -1 https://github.com/e-kayrakli/Parquet"]
license = "Apache-2.0"
name = "FastOTF2Converter"
source = "https://github.com/hpc-ai-adv-dev/fastotf2"
type = "application"
version = "0.1.0"

[Parquet]
chplVersion = "2.8.0..2.8.0"
name = "Parquet"
rev = "c3c3b0ed142187594fc552ef1077bee55a147426"
source = "https://github.com/e-kayrakli/Parquet"
version = "-1"

[Parquet.system]

[Parquet.system.arrow]
include = "/opt/arrow/include"
libs = "-L/opt/arrow/lib -larrow"
name = "arrow"
version = "19.0.1"

[Parquet.system.parquet]
include = "/opt/arrow/include"
libs = "-L/opt/arrow/lib -lparquet -larrow"
name = "parquet"
version = "19.0.1"


