
[root]
authors = ["Shreyas Khandekar"]
chplVersion = "2.9.0..2.9.0"
compopts = ["-M../../src", "-I/opt/otf2/include", "-L/opt/otf2/lib", "-lotf2"]
copyrightYear = "2026"
dependencies = ["Parquet -1 https://github.com/e-kayrakli/Parquet"]
license = "Apache-2.0"
name = "FastOTF2Converter"
source = "https://github.com/hpc-ai-adv-dev/fastotf2"
type = "application"
version = "0.1.0"

[Parquet]
chplVersion = "2.9.0..2.9.0"
name = "Parquet"
rev = "c96c69e774774d06899c3a947ad081ddff3f3d58"
source = "https://github.com/e-kayrakli/Parquet"
version = "-1"

[Parquet.system]

[Parquet.system.arrow]
includes = "-I/Users/khandeka/dev/spack/opt/spack/darwin-m2/arrow-19.0.1-mg7vpcvhl7hobiainl4nx4agz75wk3sd/include -I/Users/khandeka/dev/spack/opt/spack/darwin-m2/snappy-1.2.1-uijx6dtti46zfghgm4rg5bbskurxcs73/include"
libs = "-L/Users/khandeka/dev/spack/opt/spack/darwin-m2/arrow-19.0.1-mg7vpcvhl7hobiainl4nx4agz75wk3sd/lib -larrow"
name = "arrow"
version = "19.0.1"

[Parquet.system.parquet]
includes = "-I/Users/khandeka/dev/spack/opt/spack/darwin-m2/arrow-19.0.1-mg7vpcvhl7hobiainl4nx4agz75wk3sd/include -I/Users/khandeka/dev/spack/opt/spack/darwin-m2/snappy-1.2.1-uijx6dtti46zfghgm4rg5bbskurxcs73/include -I/Users/khandeka/dev/spack/opt/spack/darwin-m2/thrift-0.22.0-4bcull2n5eeplk2oxyksxmvwii4pfsz5/include"
libs = "-L/Users/khandeka/dev/spack/opt/spack/darwin-m2/arrow-19.0.1-mg7vpcvhl7hobiainl4nx4agz75wk3sd/lib -lparquet -larrow"
name = "parquet"
version = "19.0.1"


