
[root]
authors = ["Shreyas Khandekar"]
chplVersion = "2.8.0..2.8.0"
compopts = ["-M../../src", "-I/opt/otf2/include", "-L/opt/otf2/lib", "-lotf2"]
copyrightYear = "2026"
dependencies = ["Parquet -1 https://github.com/ShreyasKhandekar/Parquet"]
license = "Apache-2.0"
name = "OTF2ToTable"
source = "https://github.com/hpc-ai-adv-dev/fastotf2"
type = "application"
version = "0.1.0"

[Parquet]
chplVersion = "2.8.0..2.8.0"
name = "Parquet"
rev = "203ad61d06f85a0057a2273052b54f12a8161016"
source = "https://github.com/ShreyasKhandekar/Parquet"
version = "-1"

[Parquet.system]

[Parquet.system.arrow]
include = "/Users/khandeka/dev/spack/opt/spack/darwin-m2/arrow-19.0.1-mg7vpcvhl7hobiainl4nx4agz75wk3sd/include"
libs = "-L/Users/khandeka/dev/spack/opt/spack/darwin-m2/arrow-19.0.1-mg7vpcvhl7hobiainl4nx4agz75wk3sd/lib -larrow"
name = "arrow"
version = "19.0.1"

[Parquet.system.parquet]
include = "/Users/khandeka/dev/spack/opt/spack/darwin-m2/arrow-19.0.1-mg7vpcvhl7hobiainl4nx4agz75wk3sd/include"
libs = "-L/Users/khandeka/dev/spack/opt/spack/darwin-m2/arrow-19.0.1-mg7vpcvhl7hobiainl4nx4agz75wk3sd/lib -lparquet -larrow"
name = "parquet"
version = "19.0.1"


